
Microsoft Visual Studio Solution File, Format Version 12.00
# Visual Studio Version 17
VisualStudioVersion = 17.8.34525.116
MinimumVisualStudioVersion = 10.0.40219.1
Project("{FAE04EC0-301F-11D3-BF4B-00C04F79EFBC}") = "WpfApp1", "WpfApp1\WpfApp1.csproj", "{422DC6D5-8A88-4E29-95A8-FF5B707F3EDF}"
EndProject
Project("{F2A71F9B-5D33-465A-A702-920D77279786}") = "Simple_Interpreter_Fs", "Simple_Interpreter_Fs\Simple_Interpreter_Fs.fsproj", "{C3F239BD-4DD2-48FA-98C9-F1202C6A1232}"
EndProject
Global
	GlobalSection(SolutionConfigurationPlatforms) = preSolution
		Debug|Any CPU = Debug|Any CPU
		Release|Any CPU = Release|Any CPU
	EndGlobalSection
	GlobalSection(ProjectConfigurationPlatforms) = postSolution
		{422DC6D5-8A88-4E29-95A8-FF5B707F3EDF}.Debug|Any CPU.ActiveCfg = Debug|Any CPU
		{422DC6D5-8A88-4E29-95A8-FF5B707F3EDF}.Debug|Any CPU.Build.0 = Debug|Any CPU
		{422DC6D5-8A88-4E29-95A8-FF5B707F3EDF}.Release|Any CPU.ActiveCfg = Release|Any CPU
		{422DC6D5-8A88-4E29-95A8-FF5B707F3EDF}.Release|Any CPU.Build.0 = Release|Any CPU
		{C3F239BD-4DD2-48FA-98C9-F1202C6A1232}.Debug|Any CPU.ActiveCfg = Debug|Any CPU
		{C3F239BD-4DD2-48FA-98C9-F1202C6A1232}.Debug|Any CPU.Build.0 = Debug|Any CPU
		{C3F239BD-4DD2-48FA-98C9-F1202C6A1232}.Release|Any CPU.ActiveCfg = Release|Any CPU
		{C3F239BD-4DD2-48FA-98C9-F1202C6A1232}.Release|Any CPU.Build.0 = Release|Any CPU
	EndGlobalSection
	GlobalSection(SolutionProperties) = preSolution
		HideSolutionNode = FALSE
	EndGlobalSection
	GlobalSection(ExtensibilityGlobals) = postSolution
		SolutionGuid = {EADA37B2-52C0-490F-B13B-E0FFA40B5A93}
	EndGlobalSection
EndGlobal
